// !$*UTF8*$!
{
	archiveVersion = 1;
	classes = {
	};
	objectVersion = 52;
	objects = {

/* Begin PBXBuildFile section */
		2F15AD1C25FADE22008F9562 /* SwiftImage in Frameworks */ = {isa = PBXBuildFile; productRef = 2F1E2F8025D3DFEF005804C1 /* SwiftImage */; };
		2F15AD1D25FADE22008F9562 /* ArgumentParser in Frameworks */ = {isa = PBXBuildFile; productRef = 2F1E2F8425D3E00C005804C1 /* ArgumentParser */; };
		2F15AD2125FAE2D3008F9562 /* GeneticPopulation.swift in Sources */ = {isa = PBXBuildFile; fileRef = 2F15AD2025FAE2D3008F9562 /* GeneticPopulation.swift */; };
		2F15AD2725FB698B008F9562 /* FitnessCalculator.swift in Sources */ = {isa = PBXBuildFile; fileRef = 2F15AD2625FB698B008F9562 /* FitnessCalculator.swift */; };
		2F15AD2B25FB6A22008F9562 /* MSEFitnessCalculator.swift in Sources */ = {isa = PBXBuildFile; fileRef = 2F15AD2A25FB6A22008F9562 /* MSEFitnessCalculator.swift */; };
		2F15AD2F25FB6C39008F9562 /* Datasource.swift in Sources */ = {isa = PBXBuildFile; fileRef = 2F15AD2E25FB6C39008F9562 /* Datasource.swift */; };
		2F15AD3225FB6CDD008F9562 /* TestSquaredDataSource.swift in Sources */ = {isa = PBXBuildFile; fileRef = 2F15AD3125FB6CDD008F9562 /* TestSquaredDataSource.swift */; };
		2F1A53752622366000445B79 /* LenaGrainRemovalOperationSet.swift in Sources */ = {isa = PBXBuildFile; fileRef = 2F1A53742622366000445B79 /* LenaGrainRemovalOperationSet.swift */; };
		2F1A537D262239D500445B79 /* URL+Assets.swift in Sources */ = {isa = PBXBuildFile; fileRef = 2F1A537C262239D500445B79 /* URL+Assets.swift */; };
		2F1A538226224C9A00445B79 /* UInt8+Colors.swift in Sources */ = {isa = PBXBuildFile; fileRef = 2F1A538126224C9A00445B79 /* UInt8+Colors.swift */; };
		2F1A5387262393C200445B79 /* LargeSaltPepperExperiment.swift in Sources */ = {isa = PBXBuildFile; fileRef = 2F1A5386262393C200445B79 /* LargeSaltPepperExperiment.swift */; };
		2F1A538B262393D900445B79 /* LargeSaltPepperExperimentDataSource.swift in Sources */ = {isa = PBXBuildFile; fileRef = 2F1A538A262393D900445B79 /* LargeSaltPepperExperimentDataSource.swift */; };
		2F1E2F7825D3DF87005804C1 /* main.swift in Sources */ = {isa = PBXBuildFile; fileRef = 2F1E2F7725D3DF87005804C1 /* main.swift */; };
		2F32EF95262428390073EE11 /* EdgeDetectionOperationSet.swift in Sources */ = {isa = PBXBuildFile; fileRef = 2F32EF94262428390073EE11 /* EdgeDetectionOperationSet.swift */; };
		2F3597C52611302A007A2C49 /* History.swift in Sources */ = {isa = PBXBuildFile; fileRef = 2F3597C42611302A007A2C49 /* History.swift */; };
		2F504599262F66F800E71D9B /* ImageProcessingCGPOperationSet.swift in Sources */ = {isa = PBXBuildFile; fileRef = 2F504598262F66F800E71D9B /* ImageProcessingCGPOperationSet.swift */; };
		2F52479E2635FADF00ECBDAB /* MAEFitnessCalculator.swift in Sources */ = {isa = PBXBuildFile; fileRef = 2F52479D2635FADF00ECBDAB /* MAEFitnessCalculator.swift */; };
		2F59128D2639F7730061B0AC /* SmallAutoencoderExperiment.swift in Sources */ = {isa = PBXBuildFile; fileRef = 2F59128C2639F7730061B0AC /* SmallAutoencoderExperiment.swift */; };
		2F5912912639FB390061B0AC /* SingleCGPEvolution.swift in Sources */ = {isa = PBXBuildFile; fileRef = 2F5912902639FB390061B0AC /* SingleCGPEvolution.swift */; };
		2F625622260D600F001159E2 /* L1FitnessCalculator.swift in Sources */ = {isa = PBXBuildFile; fileRef = 2F625621260D600F001159E2 /* L1FitnessCalculator.swift */; };
		2F6C347325FC10E300BEE963 /* CGPOperation.swift in Sources */ = {isa = PBXBuildFile; fileRef = 2F6C347225FC10E300BEE963 /* CGPOperation.swift */; };
		2F6C347925FC1B1B00BEE963 /* Experiment.swift in Sources */ = {isa = PBXBuildFile; fileRef = 2F6C347825FC1B1B00BEE963 /* Experiment.swift */; };
		2F6C347E25FC1DBF00BEE963 /* TestSymbolicRegressionExperiment.swift in Sources */ = {isa = PBXBuildFile; fileRef = 2F6C347D25FC1DBF00BEE963 /* TestSymbolicRegressionExperiment.swift */; };
		2F894FDF260AAAF200F38BC7 /* ImageLoader.swift in Sources */ = {isa = PBXBuildFile; fileRef = 2F894FDE260AAAF200F38BC7 /* ImageLoader.swift */; };
		2F894FE9260AAC1800F38BC7 /* MasterThesisTests.swift in Sources */ = {isa = PBXBuildFile; fileRef = 2F894FE8260AAC1800F38BC7 /* MasterThesisTests.swift */; };
		2F894FF7260AAF6400F38BC7 /* ImageHelper.swift in Sources */ = {isa = PBXBuildFile; fileRef = 2F894FF6260AAF6400F38BC7 /* ImageHelper.swift */; };
		2F894FFB260AB3A700F38BC7 /* SlidingWindow.swift in Sources */ = {isa = PBXBuildFile; fileRef = 2F894FFA260AB3A700F38BC7 /* SlidingWindow.swift */; };
		2F895000260ABFAF00F38BC7 /* LenaOperationSet.swift in Sources */ = {isa = PBXBuildFile; fileRef = 2F894FFF260ABFAF00F38BC7 /* LenaOperationSet.swift */; };
		2F895009260AC38400F38BC7 /* SaltPepperTest.swift in Sources */ = {isa = PBXBuildFile; fileRef = 2F895008260AC38400F38BC7 /* SaltPepperTest.swift */; };
		2F895010260AC44B00F38BC7 /* LenaSaltPepperTest1DataSource.swift in Sources */ = {isa = PBXBuildFile; fileRef = 2F89500F260AC44B00F38BC7 /* LenaSaltPepperTest1DataSource.swift */; };
		2F958F872664FFCD0004BE64 /* SmallAutoencoderDataSet.swift in Sources */ = {isa = PBXBuildFile; fileRef = 2F958F862664FFCC0004BE64 /* SmallAutoencoderDataSet.swift */; };
		2FC50DB5262CB464008DFFF9 /* SteadyStateAlgorithm.swift in Sources */ = {isa = PBXBuildFile; fileRef = 2FC50DB4262CB464008DFFF9 /* SteadyStateAlgorithm.swift */; };
		2FC50DB9262CDCB2008DFFF9 /* LibraryEdgeDetectionOperationSet.swift in Sources */ = {isa = PBXBuildFile; fileRef = 2FC50DB8262CDCB2008DFFF9 /* LibraryEdgeDetectionOperationSet.swift */; };
		2FCEB5ED25DD5CAE00DB5B94 /* CGPNode.swift in Sources */ = {isa = PBXBuildFile; fileRef = 2FCEB5EC25DD5CAE00DB5B94 /* CGPNode.swift */; };
		2FCEB5F025DD5CEA00DB5B94 /* PassthroughNode.swift in Sources */ = {isa = PBXBuildFile; fileRef = 2FCEB5EF25DD5CEA00DB5B94 /* PassthroughNode.swift */; };
		2FCEB5F325DD5D6800DB5B94 /* OperationNode.swift in Sources */ = {isa = PBXBuildFile; fileRef = 2FCEB5F225DD5D6800DB5B94 /* OperationNode.swift */; };
		2FE7FDAA25F6D17900BD1722 /* DefaultOperation.swift in Sources */ = {isa = PBXBuildFile; fileRef = 2FE7FDA925F6D17800BD1722 /* DefaultOperation.swift */; };
		2FFFCB342615C6BE005CE618 /* EdgeDetectionTest.swift in Sources */ = {isa = PBXBuildFile; fileRef = 2FFFCB332615C6BE005CE618 /* EdgeDetectionTest.swift */; };
		2FFFCB3A2615C6C8005CE618 /* LenaEdgeDetectionDataSource.swift in Sources */ = {isa = PBXBuildFile; fileRef = 2FFFCB392615C6C8005CE618 /* LenaEdgeDetectionDataSource.swift */; };
		5867B0D987E918B55C1F8D62 /* GeneticSpecimen.swift in Sources */ = {isa = PBXBuildFile; fileRef = 5867B93AA2F0505FD63CA77E /* GeneticSpecimen.swift */; };
		5867B82790974FA768FCFEE9 /* CGPGraph.swift in Sources */ = {isa = PBXBuildFile; fileRef = 5867BCB6FD6195FCF6557CDE /* CGPGraph.swift */; };
/* End PBXBuildFile section */

/* Begin PBXCopyFilesBuildPhase section */
		2F1E2F7225D3DF87005804C1 /* CopyFiles */ = {
			isa = PBXCopyFilesBuildPhase;
			buildActionMask = 2147483647;
			dstPath = /usr/share/man/man1/;
			dstSubfolderSpec = 0;
			files = (
			);
			runOnlyForDeploymentPostprocessing = 1;
		};
/* End PBXCopyFilesBuildPhase section */

/* Begin PBXFileReference section */
		2F15AD2025FAE2D3008F9562 /* GeneticPopulation.swift */ = {isa = PBXFileReference; lastKnownFileType = sourcecode.swift; path = GeneticPopulation.swift; sourceTree = "<group>"; };
		2F15AD2625FB698B008F9562 /* FitnessCalculator.swift */ = {isa = PBXFileReference; lastKnownFileType = sourcecode.swift; path = FitnessCalculator.swift; sourceTree = "<group>"; };
		2F15AD2A25FB6A22008F9562 /* MSEFitnessCalculator.swift */ = {isa = PBXFileReference; lastKnownFileType = sourcecode.swift; path = MSEFitnessCalculator.swift; sourceTree = "<group>"; };
		2F15AD2E25FB6C39008F9562 /* Datasource.swift */ = {isa = PBXFileReference; lastKnownFileType = sourcecode.swift; path = Datasource.swift; sourceTree = "<group>"; };
		2F15AD3125FB6CDD008F9562 /* TestSquaredDataSource.swift */ = {isa = PBXFileReference; lastKnownFileType = sourcecode.swift; path = TestSquaredDataSource.swift; sourceTree = "<group>"; };
		2F1A53742622366000445B79 /* LenaGrainRemovalOperationSet.swift */ = {isa = PBXFileReference; lastKnownFileType = sourcecode.swift; path = LenaGrainRemovalOperationSet.swift; sourceTree = "<group>"; };
		2F1A537C262239D500445B79 /* URL+Assets.swift */ = {isa = PBXFileReference; lastKnownFileType = sourcecode.swift; path = "URL+Assets.swift"; sourceTree = "<group>"; };
		2F1A538126224C9A00445B79 /* UInt8+Colors.swift */ = {isa = PBXFileReference; lastKnownFileType = sourcecode.swift; path = "UInt8+Colors.swift"; sourceTree = "<group>"; };
		2F1A5386262393C200445B79 /* LargeSaltPepperExperiment.swift */ = {isa = PBXFileReference; lastKnownFileType = sourcecode.swift; path = LargeSaltPepperExperiment.swift; sourceTree = "<group>"; };
		2F1A538A262393D900445B79 /* LargeSaltPepperExperimentDataSource.swift */ = {isa = PBXFileReference; lastKnownFileType = sourcecode.swift; path = LargeSaltPepperExperimentDataSource.swift; sourceTree = "<group>"; };
		2F1E2F7425D3DF87005804C1 /* MasterThesis */ = {isa = PBXFileReference; explicitFileType = "compiled.mach-o.executable"; includeInIndex = 0; path = MasterThesis; sourceTree = BUILT_PRODUCTS_DIR; };
		2F1E2F7725D3DF87005804C1 /* main.swift */ = {isa = PBXFileReference; lastKnownFileType = sourcecode.swift; path = main.swift; sourceTree = "<group>"; };
		2F32EF94262428390073EE11 /* EdgeDetectionOperationSet.swift */ = {isa = PBXFileReference; lastKnownFileType = sourcecode.swift; path = EdgeDetectionOperationSet.swift; sourceTree = "<group>"; };
		2F3597C42611302A007A2C49 /* History.swift */ = {isa = PBXFileReference; lastKnownFileType = sourcecode.swift; path = History.swift; sourceTree = "<group>"; };
		2F504598262F66F800E71D9B /* ImageProcessingCGPOperationSet.swift */ = {isa = PBXFileReference; lastKnownFileType = sourcecode.swift; path = ImageProcessingCGPOperationSet.swift; sourceTree = "<group>"; };
		2F52479D2635FADF00ECBDAB /* MAEFitnessCalculator.swift */ = {isa = PBXFileReference; lastKnownFileType = sourcecode.swift; path = MAEFitnessCalculator.swift; sourceTree = "<group>"; };
		2F59128C2639F7730061B0AC /* SmallAutoencoderExperiment.swift */ = {isa = PBXFileReference; lastKnownFileType = sourcecode.swift; path = SmallAutoencoderExperiment.swift; sourceTree = "<group>"; };
		2F5912902639FB390061B0AC /* SingleCGPEvolution.swift */ = {isa = PBXFileReference; lastKnownFileType = sourcecode.swift; path = SingleCGPEvolution.swift; sourceTree = "<group>"; };
		2F625621260D600F001159E2 /* L1FitnessCalculator.swift */ = {isa = PBXFileReference; lastKnownFileType = sourcecode.swift; path = L1FitnessCalculator.swift; sourceTree = "<group>"; };
		2F6C347225FC10E300BEE963 /* CGPOperation.swift */ = {isa = PBXFileReference; lastKnownFileType = sourcecode.swift; path = CGPOperation.swift; sourceTree = "<group>"; };
		2F6C347825FC1B1B00BEE963 /* Experiment.swift */ = {isa = PBXFileReference; lastKnownFileType = sourcecode.swift; path = Experiment.swift; sourceTree = "<group>"; };
		2F6C347D25FC1DBF00BEE963 /* TestSymbolicRegressionExperiment.swift */ = {isa = PBXFileReference; lastKnownFileType = sourcecode.swift; path = TestSymbolicRegressionExperiment.swift; sourceTree = "<group>"; };
		2F894FDE260AAAF200F38BC7 /* ImageLoader.swift */ = {isa = PBXFileReference; lastKnownFileType = sourcecode.swift; path = ImageLoader.swift; sourceTree = "<group>"; };
		2F894FE6260AAC1800F38BC7 /* MasterThesisTests.xctest */ = {isa = PBXFileReference; explicitFileType = wrapper.cfbundle; includeInIndex = 0; path = MasterThesisTests.xctest; sourceTree = BUILT_PRODUCTS_DIR; };
		2F894FE8260AAC1800F38BC7 /* MasterThesisTests.swift */ = {isa = PBXFileReference; lastKnownFileType = sourcecode.swift; path = MasterThesisTests.swift; sourceTree = "<group>"; };
		2F894FEA260AAC1800F38BC7 /* Info.plist */ = {isa = PBXFileReference; lastKnownFileType = text.plist.xml; path = Info.plist; sourceTree = "<group>"; };
		2F894FF6260AAF6400F38BC7 /* ImageHelper.swift */ = {isa = PBXFileReference; lastKnownFileType = sourcecode.swift; path = ImageHelper.swift; sourceTree = "<group>"; };
		2F894FFA260AB3A700F38BC7 /* SlidingWindow.swift */ = {isa = PBXFileReference; lastKnownFileType = sourcecode.swift; path = SlidingWindow.swift; sourceTree = "<group>"; };
		2F894FFF260ABFAF00F38BC7 /* LenaOperationSet.swift */ = {isa = PBXFileReference; lastKnownFileType = sourcecode.swift; path = LenaOperationSet.swift; sourceTree = "<group>"; };
		2F895008260AC38400F38BC7 /* SaltPepperTest.swift */ = {isa = PBXFileReference; lastKnownFileType = sourcecode.swift; path = SaltPepperTest.swift; sourceTree = "<group>"; };
		2F89500F260AC44B00F38BC7 /* LenaSaltPepperTest1DataSource.swift */ = {isa = PBXFileReference; lastKnownFileType = sourcecode.swift; path = LenaSaltPepperTest1DataSource.swift; sourceTree = "<group>"; };
		2F958F862664FFCC0004BE64 /* SmallAutoencoderDataSet.swift */ = {isa = PBXFileReference; lastKnownFileType = sourcecode.swift; path = SmallAutoencoderDataSet.swift; sourceTree = "<group>"; };
		2FC50DB4262CB464008DFFF9 /* SteadyStateAlgorithm.swift */ = {isa = PBXFileReference; lastKnownFileType = sourcecode.swift; path = SteadyStateAlgorithm.swift; sourceTree = "<group>"; };
		2FC50DB8262CDCB2008DFFF9 /* LibraryEdgeDetectionOperationSet.swift */ = {isa = PBXFileReference; lastKnownFileType = sourcecode.swift; path = LibraryEdgeDetectionOperationSet.swift; sourceTree = "<group>"; };
		2FCEB5EC25DD5CAE00DB5B94 /* CGPNode.swift */ = {isa = PBXFileReference; lastKnownFileType = sourcecode.swift; path = CGPNode.swift; sourceTree = "<group>"; };
		2FCEB5EF25DD5CEA00DB5B94 /* PassthroughNode.swift */ = {isa = PBXFileReference; lastKnownFileType = sourcecode.swift; path = PassthroughNode.swift; sourceTree = "<group>"; };
		2FCEB5F225DD5D6800DB5B94 /* OperationNode.swift */ = {isa = PBXFileReference; lastKnownFileType = sourcecode.swift; path = OperationNode.swift; sourceTree = "<group>"; };
		2FE7FDA925F6D17800BD1722 /* DefaultOperation.swift */ = {isa = PBXFileReference; lastKnownFileType = sourcecode.swift; path = DefaultOperation.swift; sourceTree = "<group>"; };
		2FFFCB332615C6BE005CE618 /* EdgeDetectionTest.swift */ = {isa = PBXFileReference; lastKnownFileType = sourcecode.swift; path = EdgeDetectionTest.swift; sourceTree = "<group>"; };
		2FFFCB392615C6C8005CE618 /* LenaEdgeDetectionDataSource.swift */ = {isa = PBXFileReference; lastKnownFileType = sourcecode.swift; path = LenaEdgeDetectionDataSource.swift; sourceTree = "<group>"; };
		5867B93AA2F0505FD63CA77E /* GeneticSpecimen.swift */ = {isa = PBXFileReference; fileEncoding = 4; lastKnownFileType = sourcecode.swift; path = GeneticSpecimen.swift; sourceTree = "<group>"; };
		5867BCB6FD6195FCF6557CDE /* CGPGraph.swift */ = {isa = PBXFileReference; fileEncoding = 4; lastKnownFileType = sourcecode.swift; path = CGPGraph.swift; sourceTree = "<group>"; };
/* End PBXFileReference section */

/* Begin PBXFrameworksBuildPhase section */
		2F1E2F7125D3DF87005804C1 /* Frameworks */ = {
			isa = PBXFrameworksBuildPhase;
			buildActionMask = 2147483647;
			files = (
				2F15AD1D25FADE22008F9562 /* ArgumentParser in Frameworks */,
				2F15AD1C25FADE22008F9562 /* SwiftImage in Frameworks */,
			);
			runOnlyForDeploymentPostprocessing = 0;
		};
		2F894FE3260AAC1800F38BC7 /* Frameworks */ = {
			isa = PBXFrameworksBuildPhase;
			buildActionMask = 2147483647;
			files = (
			);
			runOnlyForDeploymentPostprocessing = 0;
		};
/* End PBXFrameworksBuildPhase section */

/* Begin PBXGroup section */
		2F15AD1F25FAE2B8008F9562 /* GeneticPopulation */ = {
			isa = PBXGroup;
			children = (
				2F15AD2025FAE2D3008F9562 /* GeneticPopulation.swift */,
			);
			path = GeneticPopulation;
			sourceTree = "<group>";
		};
		2F15AD2525FB6974008F9562 /* Fitness */ = {
			isa = PBXGroup;
			children = (
				2F625620260D6002001159E2 /* Impl */,
				2F15AD2625FB698B008F9562 /* FitnessCalculator.swift */,
			);
			path = Fitness;
			sourceTree = "<group>";
		};
		2F15AD2D25FB6C2B008F9562 /* Datasource */ = {
			isa = PBXGroup;
			children = (
				2F15AD2E25FB6C39008F9562 /* Datasource.swift */,
				2F15AD3125FB6CDD008F9562 /* TestSquaredDataSource.swift */,
			);
			path = Datasource;
			sourceTree = "<group>";
		};
		2F1A537A262239CB00445B79 /* Extensions */ = {
			isa = PBXGroup;
			children = (
				2F1A538026224C8F00445B79 /* UInt8 */,
				2F1A537B262239CE00445B79 /* URL */,
			);
			path = Extensions;
			sourceTree = "<group>";
		};
		2F1A537B262239CE00445B79 /* URL */ = {
			isa = PBXGroup;
			children = (
				2F1A537C262239D500445B79 /* URL+Assets.swift */,
			);
			path = URL;
			sourceTree = "<group>";
		};
		2F1A538026224C8F00445B79 /* UInt8 */ = {
			isa = PBXGroup;
			children = (
				2F1A538126224C9A00445B79 /* UInt8+Colors.swift */,
			);
			path = UInt8;
			sourceTree = "<group>";
		};
		2F1A5385262393AF00445B79 /* LargeGrainRemoval */ = {
			isa = PBXGroup;
			children = (
				2F1A5386262393C200445B79 /* LargeSaltPepperExperiment.swift */,
				2F1A538A262393D900445B79 /* LargeSaltPepperExperimentDataSource.swift */,
			);
			path = LargeGrainRemoval;
			sourceTree = "<group>";
		};
		2F1E2F6B25D3DF87005804C1 = {
			isa = PBXGroup;
			children = (
				2F1E2F7625D3DF87005804C1 /* MasterThesis */,
				2F894FE7260AAC1800F38BC7 /* MasterThesisTests */,
				2F1E2F7525D3DF87005804C1 /* Products */,
			);
			sourceTree = "<group>";
		};
		2F1E2F7525D3DF87005804C1 /* Products */ = {
			isa = PBXGroup;
			children = (
				2F1E2F7425D3DF87005804C1 /* MasterThesis */,
				2F894FE6260AAC1800F38BC7 /* MasterThesisTests.xctest */,
			);
			name = Products;
			sourceTree = "<group>";
		};
		2F1E2F7625D3DF87005804C1 /* MasterThesis */ = {
			isa = PBXGroup;
			children = (
				2FC50DAB262CB447008DFFF9 /* Algorithms */,
				2F1A537A262239CB00445B79 /* Extensions */,
				2F895005260AC36700F38BC7 /* Experiments */,
				2F894FDD260AAA9900F38BC7 /* Images */,
				2FCEB5E325DD5BCC00DB5B94 /* CGP */,
				2F1E2F7725D3DF87005804C1 /* main.swift */,
			);
			path = MasterThesis;
			sourceTree = "<group>";
		};
		2F3597C32611301E007A2C49 /* Common */ = {
			isa = PBXGroup;
			children = (
				2F3597C42611302A007A2C49 /* History.swift */,
			);
			path = Common;
			sourceTree = "<group>";
		};
		2F59128A2639F7170061B0AC /* Autoencoder */ = {
			isa = PBXGroup;
			children = (
				2F59128B2639F71E0061B0AC /* SmallAutoencoderExperiment */,
				2F5912902639FB390061B0AC /* SingleCGPEvolution.swift */,
			);
			path = Autoencoder;
			sourceTree = "<group>";
		};
		2F59128B2639F71E0061B0AC /* SmallAutoencoderExperiment */ = {
			isa = PBXGroup;
			children = (
				2F59128C2639F7730061B0AC /* SmallAutoencoderExperiment.swift */,
				2F958F862664FFCC0004BE64 /* SmallAutoencoderDataSet.swift */,
			);
			path = SmallAutoencoderExperiment;
			sourceTree = "<group>";
		};
		2F625620260D6002001159E2 /* Impl */ = {
			isa = PBXGroup;
			children = (
				2F15AD2A25FB6A22008F9562 /* MSEFitnessCalculator.swift */,
				2F625621260D600F001159E2 /* L1FitnessCalculator.swift */,
				2F52479D2635FADF00ECBDAB /* MAEFitnessCalculator.swift */,
			);
			path = Impl;
			sourceTree = "<group>";
		};
		2F6C347725FC1B1200BEE963 /* Experiment */ = {
			isa = PBXGroup;
			children = (
				2F6C347C25FC1DAA00BEE963 /* Protocol */,
				2F6C347D25FC1DBF00BEE963 /* TestSymbolicRegressionExperiment.swift */,
			);
			path = Experiment;
			sourceTree = "<group>";
		};
		2F6C347C25FC1DAA00BEE963 /* Protocol */ = {
			isa = PBXGroup;
			children = (
				2F6C347825FC1B1B00BEE963 /* Experiment.swift */,
			);
			path = Protocol;
			sourceTree = "<group>";
		};
		2F894FDD260AAA9900F38BC7 /* Images */ = {
			isa = PBXGroup;
			children = (
				2F894FFE260ABF8900F38BC7 /* CGPOperations */,
				2F894FDE260AAAF200F38BC7 /* ImageLoader.swift */,
				2F894FF6260AAF6400F38BC7 /* ImageHelper.swift */,
				2F894FFA260AB3A700F38BC7 /* SlidingWindow.swift */,
			);
			path = Images;
			sourceTree = "<group>";
		};
		2F894FE7260AAC1800F38BC7 /* MasterThesisTests */ = {
			isa = PBXGroup;
			children = (
				2F894FE8260AAC1800F38BC7 /* MasterThesisTests.swift */,
				2F894FEA260AAC1800F38BC7 /* Info.plist */,
			);
			path = MasterThesisTests;
			sourceTree = "<group>";
		};
		2F894FFE260ABF8900F38BC7 /* CGPOperations */ = {
			isa = PBXGroup;
			children = (
				2F894FFF260ABFAF00F38BC7 /* LenaOperationSet.swift */,
			);
			path = CGPOperations;
			sourceTree = "<group>";
		};
		2F895005260AC36700F38BC7 /* Experiments */ = {
			isa = PBXGroup;
			children = (
				2F59128A2639F7170061B0AC /* Autoencoder */,
				2F1A5385262393AF00445B79 /* LargeGrainRemoval */,
				2FFFCB322615C6A8005CE618 /* EdgeDetection */,
				2F895007260AC37200F38BC7 /* GrainRemoval */,
			);
			path = Experiments;
			sourceTree = "<group>";
		};
		2F895007260AC37200F38BC7 /* GrainRemoval */ = {
			isa = PBXGroup;
			children = (
				2F895008260AC38400F38BC7 /* SaltPepperTest.swift */,
				2F89500F260AC44B00F38BC7 /* LenaSaltPepperTest1DataSource.swift */,
				2F1A53742622366000445B79 /* LenaGrainRemovalOperationSet.swift */,
			);
			path = GrainRemoval;
			sourceTree = "<group>";
		};
		2FC50DAB262CB447008DFFF9 /* Algorithms */ = {
			isa = PBXGroup;
			children = (
				2FC50DB4262CB464008DFFF9 /* SteadyStateAlgorithm.swift */,
			);
			path = Algorithms;
			sourceTree = "<group>";
		};
		2FCEB5E325DD5BCC00DB5B94 /* CGP */ = {
			isa = PBXGroup;
			children = (
				2F3597C32611301E007A2C49 /* Common */,
				2F6C347725FC1B1200BEE963 /* Experiment */,
				2F15AD2D25FB6C2B008F9562 /* Datasource */,
				2F15AD2525FB6974008F9562 /* Fitness */,
				2FCEB5F525DD5EAF00DB5B94 /* Operations */,
				2FCEB5EB25DD5C9A00DB5B94 /* Nodes */,
				5867BD9977E30D2DFCB31E03 /* GeneticSpecimen */,
				2F15AD1F25FAE2B8008F9562 /* GeneticPopulation */,
			);
			path = CGP;
			sourceTree = "<group>";
		};
		2FCEB5EB25DD5C9A00DB5B94 /* Nodes */ = {
			isa = PBXGroup;
			children = (
				2FCEB5EC25DD5CAE00DB5B94 /* CGPNode.swift */,
				2FCEB5EF25DD5CEA00DB5B94 /* PassthroughNode.swift */,
				2FCEB5F225DD5D6800DB5B94 /* OperationNode.swift */,
			);
			path = Nodes;
			sourceTree = "<group>";
		};
		2FCEB5F525DD5EAF00DB5B94 /* Operations */ = {
			isa = PBXGroup;
			children = (
				2FE7FDA925F6D17800BD1722 /* DefaultOperation.swift */,
				2F6C347225FC10E300BEE963 /* CGPOperation.swift */,
			);
			path = Operations;
			sourceTree = "<group>";
		};
		2FFFCB322615C6A8005CE618 /* EdgeDetection */ = {
			isa = PBXGroup;
			children = (
				2FFFCB332615C6BE005CE618 /* EdgeDetectionTest.swift */,
				2FFFCB392615C6C8005CE618 /* LenaEdgeDetectionDataSource.swift */,
				2F32EF94262428390073EE11 /* EdgeDetectionOperationSet.swift */,
				2FC50DB8262CDCB2008DFFF9 /* LibraryEdgeDetectionOperationSet.swift */,
				2F504598262F66F800E71D9B /* ImageProcessingCGPOperationSet.swift */,
			);
			path = EdgeDetection;
			sourceTree = "<group>";
		};
		5867BD9977E30D2DFCB31E03 /* GeneticSpecimen */ = {
			isa = PBXGroup;
			children = (
				5867B93AA2F0505FD63CA77E /* GeneticSpecimen.swift */,
				5867BCB6FD6195FCF6557CDE /* CGPGraph.swift */,
			);
			path = GeneticSpecimen;
			sourceTree = "<group>";
		};
/* End PBXGroup section */

/* Begin PBXNativeTarget section */
		2F1E2F7325D3DF87005804C1 /* MasterThesis */ = {
			isa = PBXNativeTarget;
			buildConfigurationList = 2F1E2F7B25D3DF87005804C1 /* Build configuration list for PBXNativeTarget "MasterThesis" */;
			buildPhases = (
				2F1E2F7025D3DF87005804C1 /* Sources */,
				2F1E2F7125D3DF87005804C1 /* Frameworks */,
				2F1E2F7225D3DF87005804C1 /* CopyFiles */,
			);
			buildRules = (
			);
			dependencies = (
			);
			name = MasterThesis;
			packageProductDependencies = (
				2F1E2F8025D3DFEF005804C1 /* SwiftImage */,
				2F1E2F8425D3E00C005804C1 /* ArgumentParser */,
			);
			productName = MasterThesis;
			productReference = 2F1E2F7425D3DF87005804C1 /* MasterThesis */;
			productType = "com.apple.product-type.tool";
		};
		2F894FE5260AAC1800F38BC7 /* MasterThesisTests */ = {
			isa = PBXNativeTarget;
			buildConfigurationList = 2F894FEB260AAC1800F38BC7 /* Build configuration list for PBXNativeTarget "MasterThesisTests" */;
			buildPhases = (
				2F894FE2260AAC1800F38BC7 /* Sources */,
				2F894FE3260AAC1800F38BC7 /* Frameworks */,
				2F894FE4260AAC1800F38BC7 /* Resources */,
			);
			buildRules = (
			);
			dependencies = (
			);
			name = MasterThesisTests;
			productName = MasterThesisTests;
			productReference = 2F894FE6260AAC1800F38BC7 /* MasterThesisTests.xctest */;
			productType = "com.apple.product-type.bundle.unit-test";
		};
/* End PBXNativeTarget section */

/* Begin PBXProject section */
		2F1E2F6C25D3DF87005804C1 /* Project object */ = {
			isa = PBXProject;
			attributes = {
				LastSwiftUpdateCheck = 1240;
				LastUpgradeCheck = 1240;
				TargetAttributes = {
					2F1E2F7325D3DF87005804C1 = {
						CreatedOnToolsVersion = 12.4;
					};
					2F894FE5260AAC1800F38BC7 = {
						CreatedOnToolsVersion = 12.4;
					};
				};
			};
			buildConfigurationList = 2F1E2F6F25D3DF87005804C1 /* Build configuration list for PBXProject "MasterThesis" */;
			compatibilityVersion = "Xcode 9.3";
			developmentRegion = en;
			hasScannedForEncodings = 0;
			knownRegions = (
				en,
				Base,
			);
			mainGroup = 2F1E2F6B25D3DF87005804C1;
			packageReferences = (
				2F1E2F7F25D3DFEF005804C1 /* XCRemoteSwiftPackageReference "swift-image" */,
				2F1E2F8325D3E00C005804C1 /* XCRemoteSwiftPackageReference "swift-argument-parser" */,
			);
			productRefGroup = 2F1E2F7525D3DF87005804C1 /* Products */;
			projectDirPath = "";
			projectRoot = "";
			targets = (
				2F1E2F7325D3DF87005804C1 /* MasterThesis */,
				2F894FE5260AAC1800F38BC7 /* MasterThesisTests */,
			);
		};
/* End PBXProject section */

/* Begin PBXResourcesBuildPhase section */
		2F894FE4260AAC1800F38BC7 /* Resources */ = {
			isa = PBXResourcesBuildPhase;
			buildActionMask = 2147483647;
			files = (
			);
			runOnlyForDeploymentPostprocessing = 0;
		};
/* End PBXResourcesBuildPhase section */

/* Begin PBXSourcesBuildPhase section */
		2F1E2F7025D3DF87005804C1 /* Sources */ = {
			isa = PBXSourcesBuildPhase;
			buildActionMask = 2147483647;
			files = (
				2FCEB5F325DD5D6800DB5B94 /* OperationNode.swift in Sources */,
				2FC50DB9262CDCB2008DFFF9 /* LibraryEdgeDetectionOperationSet.swift in Sources */,
				2FCEB5F025DD5CEA00DB5B94 /* PassthroughNode.swift in Sources */,
				2F15AD3225FB6CDD008F9562 /* TestSquaredDataSource.swift in Sources */,
				2F895009260AC38400F38BC7 /* SaltPepperTest.swift in Sources */,
				2FE7FDAA25F6D17900BD1722 /* DefaultOperation.swift in Sources */,
				2F958F872664FFCD0004BE64 /* SmallAutoencoderDataSet.swift in Sources */,
				2F895010260AC44B00F38BC7 /* LenaSaltPepperTest1DataSource.swift in Sources */,
				2FFFCB342615C6BE005CE618 /* EdgeDetectionTest.swift in Sources */,
				2F52479E2635FADF00ECBDAB /* MAEFitnessCalculator.swift in Sources */,
				2FC50DB5262CB464008DFFF9 /* SteadyStateAlgorithm.swift in Sources */,
				2F6C347325FC10E300BEE963 /* CGPOperation.swift in Sources */,
				2F15AD2725FB698B008F9562 /* FitnessCalculator.swift in Sources */,
				2F59128D2639F7730061B0AC /* SmallAutoencoderExperiment.swift in Sources */,
				2F894FDF260AAAF200F38BC7 /* ImageLoader.swift in Sources */,
				2F15AD2B25FB6A22008F9562 /* MSEFitnessCalculator.swift in Sources */,
				2F32EF95262428390073EE11 /* EdgeDetectionOperationSet.swift in Sources */,
				2F895000260ABFAF00F38BC7 /* LenaOperationSet.swift in Sources */,
				2F1E2F7825D3DF87005804C1 /* main.swift in Sources */,
				2F15AD2125FAE2D3008F9562 /* GeneticPopulation.swift in Sources */,
				2FFFCB3A2615C6C8005CE618 /* LenaEdgeDetectionDataSource.swift in Sources */,
				2F3597C52611302A007A2C49 /* History.swift in Sources */,
				2F6C347E25FC1DBF00BEE963 /* TestSymbolicRegressionExperiment.swift in Sources */,
				2F5912912639FB390061B0AC /* SingleCGPEvolution.swift in Sources */,
				2F15AD2F25FB6C39008F9562 /* Datasource.swift in Sources */,
				2FCEB5ED25DD5CAE00DB5B94 /* CGPNode.swift in Sources */,
				2F1A538B262393D900445B79 /* LargeSaltPepperExperimentDataSource.swift in Sources */,
				5867B0D987E918B55C1F8D62 /* GeneticSpecimen.swift in Sources */,
				2F894FFB260AB3A700F38BC7 /* SlidingWindow.swift in Sources */,
				2F1A537D262239D500445B79 /* URL+Assets.swift in Sources */,
				2F6C347925FC1B1B00BEE963 /* Experiment.swift in Sources */,
				5867B82790974FA768FCFEE9 /* CGPGraph.swift in Sources */,
				2F894FF7260AAF6400F38BC7 /* ImageHelper.swift in Sources */,
				2F625622260D600F001159E2 /* L1FitnessCalculator.swift in Sources */,
				2F1A5387262393C200445B79 /* LargeSaltPepperExperiment.swift in Sources */,
				2F1A538226224C9A00445B79 /* UInt8+Colors.swift in Sources */,
				2F504599262F66F800E71D9B /* ImageProcessingCGPOperationSet.swift in Sources */,
				2F1A53752622366000445B79 /* LenaGrainRemovalOperationSet.swift in Sources */,
			);
			runOnlyForDeploymentPostprocessing = 0;
		};
		2F894FE2260AAC1800F38BC7 /* Sources */ = {
			isa = PBXSourcesBuildPhase;
			buildActionMask = 2147483647;
			files = (
				2F894FE9260AAC1800F38BC7 /* MasterThesisTests.swift in Sources */,
			);
			runOnlyForDeploymentPostprocessing = 0;
		};
/* End PBXSourcesBuildPhase section */

/* Begin XCBuildConfiguration section */
		2F1E2F7925D3DF87005804C1 /* Debug */ = {
			isa = XCBuildConfiguration;
			buildSettings = {
				ALWAYS_SEARCH_USER_PATHS = NO;
				CLANG_ANALYZER_NONNULL = YES;
				CLANG_ANALYZER_NUMBER_OBJECT_CONVERSION = YES_AGGRESSIVE;
				CLANG_CXX_LANGUAGE_STANDARD = "gnu++14";
				CLANG_CXX_LIBRARY = "libc++";
				CLANG_ENABLE_MODULES = YES;
				CLANG_ENABLE_OBJC_ARC = YES;
				CLANG_ENABLE_OBJC_WEAK = YES;
				CLANG_WARN_BLOCK_CAPTURE_AUTORELEASING = YES;
				CLANG_WARN_BOOL_CONVERSION = YES;
				CLANG_WARN_COMMA = YES;
				CLANG_WARN_CONSTANT_CONVERSION = YES;
				CLANG_WARN_DEPRECATED_OBJC_IMPLEMENTATIONS = YES;
				CLANG_WARN_DIRECT_OBJC_ISA_USAGE = YES_ERROR;
				CLANG_WARN_DOCUMENTATION_COMMENTS = YES;
				CLANG_WARN_EMPTY_BODY = YES;
				CLANG_WARN_ENUM_CONVERSION = YES;
				CLANG_WARN_INFINITE_RECURSION = YES;
				CLANG_WARN_INT_CONVERSION = YES;
				CLANG_WARN_NON_LITERAL_NULL_CONVERSION = YES;
				CLANG_WARN_OBJC_IMPLICIT_RETAIN_SELF = YES;
				CLANG_WARN_OBJC_LITERAL_CONVERSION = YES;
				CLANG_WARN_OBJC_ROOT_CLASS = YES_ERROR;
				CLANG_WARN_QUOTED_INCLUDE_IN_FRAMEWORK_HEADER = YES;
				CLANG_WARN_RANGE_LOOP_ANALYSIS = YES;
				CLANG_WARN_STRICT_PROTOTYPES = YES;
				CLANG_WARN_SUSPICIOUS_MOVE = YES;
				CLANG_WARN_UNGUARDED_AVAILABILITY = YES_AGGRESSIVE;
				CLANG_WARN_UNREACHABLE_CODE = YES;
				CLANG_WARN__DUPLICATE_METHOD_MATCH = YES;
				COPY_PHASE_STRIP = NO;
				DEBUG_INFORMATION_FORMAT = dwarf;
				ENABLE_STRICT_OBJC_MSGSEND = YES;
				ENABLE_TESTABILITY = YES;
				GCC_C_LANGUAGE_STANDARD = gnu11;
				GCC_DYNAMIC_NO_PIC = NO;
				GCC_NO_COMMON_BLOCKS = YES;
				GCC_OPTIMIZATION_LEVEL = 0;
				GCC_PREPROCESSOR_DEFINITIONS = (
					"DEBUG=1",
					"$(inherited)",
				);
				GCC_WARN_64_TO_32_BIT_CONVERSION = YES;
				GCC_WARN_ABOUT_RETURN_TYPE = YES_ERROR;
				GCC_WARN_UNDECLARED_SELECTOR = YES;
				GCC_WARN_UNINITIALIZED_AUTOS = YES_AGGRESSIVE;
				GCC_WARN_UNUSED_FUNCTION = YES;
				GCC_WARN_UNUSED_VARIABLE = YES;
				MACOSX_DEPLOYMENT_TARGET = 11.1;
				MTL_ENABLE_DEBUG_INFO = INCLUDE_SOURCE;
				MTL_FAST_MATH = YES;
				ONLY_ACTIVE_ARCH = YES;
				SDKROOT = macosx;
				SWIFT_ACTIVE_COMPILATION_CONDITIONS = DEBUG;
				SWIFT_OPTIMIZATION_LEVEL = "-Onone";
			};
			name = Debug;
		};
		2F1E2F7A25D3DF87005804C1 /* Release */ = {
			isa = XCBuildConfiguration;
			buildSettings = {
				ALWAYS_SEARCH_USER_PATHS = NO;
				CLANG_ANALYZER_NONNULL = YES;
				CLANG_ANALYZER_NUMBER_OBJECT_CONVERSION = YES_AGGRESSIVE;
				CLANG_CXX_LANGUAGE_STANDARD = "gnu++14";
				CLANG_CXX_LIBRARY = "libc++";
				CLANG_ENABLE_MODULES = YES;
				CLANG_ENABLE_OBJC_ARC = YES;
				CLANG_ENABLE_OBJC_WEAK = YES;
				CLANG_WARN_BLOCK_CAPTURE_AUTORELEASING = YES;
				CLANG_WARN_BOOL_CONVERSION = YES;
				CLANG_WARN_COMMA = YES;
				CLANG_WARN_CONSTANT_CONVERSION = YES;
				CLANG_WARN_DEPRECATED_OBJC_IMPLEMENTATIONS = YES;
				CLANG_WARN_DIRECT_OBJC_ISA_USAGE = YES_ERROR;
				CLANG_WARN_DOCUMENTATION_COMMENTS = YES;
				CLANG_WARN_EMPTY_BODY = YES;
				CLANG_WARN_ENUM_CONVERSION = YES;
				CLANG_WARN_INFINITE_RECURSION = YES;
				CLANG_WARN_INT_CONVERSION = YES;
				CLANG_WARN_NON_LITERAL_NULL_CONVERSION = YES;
				CLANG_WARN_OBJC_IMPLICIT_RETAIN_SELF = YES;
				CLANG_WARN_OBJC_LITERAL_CONVERSION = YES;
				CLANG_WARN_OBJC_ROOT_CLASS = YES_ERROR;
				CLANG_WARN_QUOTED_INCLUDE_IN_FRAMEWORK_HEADER = YES;
				CLANG_WARN_RANGE_LOOP_ANALYSIS = YES;
				CLANG_WARN_STRICT_PROTOTYPES = YES;
				CLANG_WARN_SUSPICIOUS_MOVE = YES;
				CLANG_WARN_UNGUARDED_AVAILABILITY = YES_AGGRESSIVE;
				CLANG_WARN_UNREACHABLE_CODE = YES;
				CLANG_WARN__DUPLICATE_METHOD_MATCH = YES;
				COPY_PHASE_STRIP = NO;
				DEBUG_INFORMATION_FORMAT = "dwarf-with-dsym";
				ENABLE_NS_ASSERTIONS = NO;
				ENABLE_STRICT_OBJC_MSGSEND = YES;
				GCC_C_LANGUAGE_STANDARD = gnu11;
				GCC_NO_COMMON_BLOCKS = YES;
				GCC_WARN_64_TO_32_BIT_CONVERSION = YES;
				GCC_WARN_ABOUT_RETURN_TYPE = YES_ERROR;
				GCC_WARN_UNDECLARED_SELECTOR = YES;
				GCC_WARN_UNINITIALIZED_AUTOS = YES_AGGRESSIVE;
				GCC_WARN_UNUSED_FUNCTION = YES;
				GCC_WARN_UNUSED_VARIABLE = YES;
				MACOSX_DEPLOYMENT_TARGET = 11.1;
				MTL_ENABLE_DEBUG_INFO = NO;
				MTL_FAST_MATH = YES;
				SDKROOT = macosx;
				SWIFT_COMPILATION_MODE = wholemodule;
				SWIFT_OPTIMIZATION_LEVEL = "-O";
			};
			name = Release;
		};
		2F1E2F7C25D3DF87005804C1 /* Debug */ = {
			isa = XCBuildConfiguration;
			buildSettings = {
				CODE_SIGN_IDENTITY = "-";
				CODE_SIGN_STYLE = Automatic;
				DEVELOPMENT_TEAM = 22AZG63582;
				ENABLE_HARDENED_RUNTIME = YES;
				GCC_SYMBOLS_PRIVATE_EXTERN = NO;
				PRODUCT_NAME = "$(TARGET_NAME)";
				SWIFT_VERSION = 5.0;
			};
			name = Debug;
		};
		2F1E2F7D25D3DF87005804C1 /* Release */ = {
			isa = XCBuildConfiguration;
			buildSettings = {
				CODE_SIGN_IDENTITY = "-";
				CODE_SIGN_STYLE = Automatic;
				DEVELOPMENT_TEAM = 22AZG63582;
				ENABLE_HARDENED_RUNTIME = YES;
				GCC_SYMBOLS_PRIVATE_EXTERN = NO;
				PRODUCT_NAME = "$(TARGET_NAME)";
				SWIFT_VERSION = 5.0;
			};
			name = Release;
		};
		2F894FEC260AAC1800F38BC7 /* Debug */ = {
			isa = XCBuildConfiguration;
			buildSettings = {
				BUNDLE_LOADER = "$(BUILT_PRODUCTS_DIR)/MasterThesis.app/MasterThesis";
				CODE_SIGN_STYLE = Automatic;
				COMBINE_HIDPI_IMAGES = YES;
				DEVELOPMENT_TEAM = 22AZG63582;
				INFOPLIST_FILE = MasterThesisTests/Info.plist;
				LD_RUNPATH_SEARCH_PATHS = (
					"$(inherited)",
					"@executable_path/../Frameworks",
					"@loader_path/../Frameworks",
				);
				PRODUCT_BUNDLE_IDENTIFIER = com.lukassestic.MasterThesisTests;
				PRODUCT_NAME = "$(TARGET_NAME)";
				SWIFT_VERSION = 5.0;
				TEST_HOST = "$(BUNDLE_LOADER)";
			};
			name = Debug;
		};
		2F894FED260AAC1800F38BC7 /* Release */ = {
			isa = XCBuildConfiguration;
			buildSettings = {
				BUNDLE_LOADER = "$(BUILT_PRODUCTS_DIR)/MasterThesis.app/MasterThesis";
				CODE_SIGN_STYLE = Automatic;
				COMBINE_HIDPI_IMAGES = YES;
				DEVELOPMENT_TEAM = 22AZG63582;
				INFOPLIST_FILE = MasterThesisTests/Info.plist;
				LD_RUNPATH_SEARCH_PATHS = (
					"$(inherited)",
					"@executable_path/../Frameworks",
					"@loader_path/../Frameworks",
				);
				PRODUCT_BUNDLE_IDENTIFIER = com.lukassestic.MasterThesisTests;
				PRODUCT_NAME = "$(TARGET_NAME)";
				SWIFT_VERSION = 5.0;
				TEST_HOST = "$(BUNDLE_LOADER)";
			};
			name = Release;
		};
/* End XCBuildConfiguration section */

/* Begin XCConfigurationList section */
		2F1E2F6F25D3DF87005804C1 /* Build configuration list for PBXProject "MasterThesis" */ = {
			isa = XCConfigurationList;
			buildConfigurations = (
				2F1E2F7925D3DF87005804C1 /* Debug */,
				2F1E2F7A25D3DF87005804C1 /* Release */,
			);
			defaultConfigurationIsVisible = 0;
			defaultConfigurationName = Release;
		};
		2F1E2F7B25D3DF87005804C1 /* Build configuration list for PBXNativeTarget "MasterThesis" */ = {
			isa = XCConfigurationList;
			buildConfigurations = (
				2F1E2F7C25D3DF87005804C1 /* Debug */,
				2F1E2F7D25D3DF87005804C1 /* Release */,
			);
			defaultConfigurationIsVisible = 0;
			defaultConfigurationName = Release;
		};
		2F894FEB260AAC1800F38BC7 /* Build configuration list for PBXNativeTarget "MasterThesisTests" */ = {
			isa = XCConfigurationList;
			buildConfigurations = (
				2F894FEC260AAC1800F38BC7 /* Debug */,
				2F894FED260AAC1800F38BC7 /* Release */,
			);
			defaultConfigurationIsVisible = 0;
			defaultConfigurationName = Release;
		};
/* End XCConfigurationList section */

/* Begin XCRemoteSwiftPackageReference section */
		2F1E2F7F25D3DFEF005804C1 /* XCRemoteSwiftPackageReference "swift-image" */ = {
			isa = XCRemoteSwiftPackageReference;
			repositoryURL = "https://github.com/koher/swift-image.git";
			requirement = {
				kind = upToNextMajorVersion;
				minimumVersion = 0.7.1;
			};
		};
		2F1E2F8325D3E00C005804C1 /* XCRemoteSwiftPackageReference "swift-argument-parser" */ = {
			isa = XCRemoteSwiftPackageReference;
			repositoryURL = "https://github.com/apple/swift-argument-parser";
			requirement = {
				kind = upToNextMajorVersion;
				minimumVersion = 0.3.2;
			};
		};
/* End XCRemoteSwiftPackageReference section */

/* Begin XCSwiftPackageProductDependency section */
		2F1E2F8025D3DFEF005804C1 /* SwiftImage */ = {
			isa = XCSwiftPackageProductDependency;
			package = 2F1E2F7F25D3DFEF005804C1 /* XCRemoteSwiftPackageReference "swift-image" */;
			productName = SwiftImage;
		};
		2F1E2F8425D3E00C005804C1 /* ArgumentParser */ = {
			isa = XCSwiftPackageProductDependency;
			package = 2F1E2F8325D3E00C005804C1 /* XCRemoteSwiftPackageReference "swift-argument-parser" */;
			productName = ArgumentParser;
		};
/* End XCSwiftPackageProductDependency section */
	};
	rootObject = 2F1E2F6C25D3DF87005804C1 /* Project object */;
}
